
Microsoft Visual Studio Solution File, Format Version 12.00
# Visual Studio 14
VisualStudioVersion = 14.0.25420.1
MinimumVisualStudioVersion = 10.0.40219.1
Project("{FAE04EC0-301F-11D3-BF4B-00C04F79EFBC}") = "WebStore", "WebStore\WebStore.csproj", "{6F929CEA-D071-4E50-AA80-B0E26833FDD1}"
EndProject
Project("{00D1A9C2-B5F0-4AF3-8072-F6C62B433612}") = "WebStoreDatabase", "WebStoreDatabase\WebStoreDatabase.sqlproj", "{9C342000-B4BF-458F-911B-BA8246E01469}"
EndProject
Project("{FAE04EC0-301F-11D3-BF4B-00C04F79EFBC}") = "UnitTest", "TestProject\UnitTest.csproj", "{55A071C7-C509-4754-95E5-1FB047C7C205}"
EndProject
Global
	GlobalSection(SolutionConfigurationPlatforms) = preSolution
		Debug|Any CPU = Debug|Any CPU
		Release|Any CPU = Release|Any CPU
	EndGlobalSection
	GlobalSection(ProjectConfigurationPlatforms) = postSolution
		{6F929CEA-D071-4E50-AA80-B0E26833FDD1}.Debug|Any CPU.ActiveCfg = Debug|Any CPU
		{6F929CEA-D071-4E50-AA80-B0E26833FDD1}.Debug|Any CPU.Build.0 = Debug|Any CPU
		{6F929CEA-D071-4E50-AA80-B0E26833FDD1}.Release|Any CPU.ActiveCfg = Release|Any CPU
		{6F929CEA-D071-4E50-AA80-B0E26833FDD1}.Release|Any CPU.Build.0 = Release|Any CPU
		{9C342000-B4BF-458F-911B-BA8246E01469}.Debug|Any CPU.ActiveCfg = Debug|Any CPU
		{9C342000-B4BF-458F-911B-BA8246E01469}.Debug|Any CPU.Build.0 = Debug|Any CPU
		{9C342000-B4BF-458F-911B-BA8246E01469}.Debug|Any CPU.Deploy.0 = Debug|Any CPU
		{9C342000-B4BF-458F-911B-BA8246E01469}.Release|Any CPU.ActiveCfg = Release|Any CPU
		{9C342000-B4BF-458F-911B-BA8246E01469}.Release|Any CPU.Build.0 = Release|Any CPU
		{9C342000-B4BF-458F-911B-BA8246E01469}.Release|Any CPU.Deploy.0 = Release|Any CPU
		{55A071C7-C509-4754-95E5-1FB047C7C205}.Debug|Any CPU.ActiveCfg = Debug|Any CPU
		{55A071C7-C509-4754-95E5-1FB047C7C205}.Debug|Any CPU.Build.0 = Debug|Any CPU
		{55A071C7-C509-4754-95E5-1FB047C7C205}.Release|Any CPU.ActiveCfg = Release|Any CPU
		{55A071C7-C509-4754-95E5-1FB047C7C205}.Release|Any CPU.Build.0 = Release|Any CPU
	EndGlobalSection
	GlobalSection(SolutionProperties) = preSolution
		HideSolutionNode = FALSE
	EndGlobalSection
EndGlobal
